
Microsoft Visual Studio Solution File, Format Version 12.00
# Visual Studio Version 17
VisualStudioVersion = 17.7.34031.279
MinimumVisualStudioVersion = 10.0.40219.1
Project("{9A19103F-16F7-4668-BE54-9A1E7A4F7556}") = "GoTaskServicePlus", "GoTaskServicePlus\GoTaskServicePlus.csproj", "{77A93C8B-E43A-4F34-97DA-A1E9BD29D5F9}"
EndProject
Project("{9A19103F-16F7-4668-BE54-9A1E7A4F7556}") = "GoTaskServicePlus.Model", "GoTaskServicePlus.Model\GoTaskServicePlus.Model.csproj", "{C007F985-FFD0-4A05-8F6B-A8934A04C82C}"
EndProject
Project("{9A19103F-16F7-4668-BE54-9A1E7A4F7556}") = "GoTaskServicePlus.Interfaces", "GoTaskServicePlus.Interfaces\GoTaskServicePlus.Interfaces.csproj", "{65E6313A-9F18-4174-8937-B923A50DD17A}"
EndProject
Project("{9A19103F-16F7-4668-BE54-9A1E7A4F7556}") = "Utility", "BD\Utility.csproj", "{4BBC3EC8-61C1-4799-95F5-6668B02C5926}"
EndProject
Project("{9A19103F-16F7-4668-BE54-9A1E7A4F7556}") = "ConfigData", "ConfigData\ConfigData.csproj", "{D34987B9-174D-48F0-8FAE-2C0672E1CF13}"
EndProject
Project("{9A19103F-16F7-4668-BE54-9A1E7A4F7556}") = "JWT", "JWT\JWT.csproj", "{73030E8A-61F5-4D24-A2E1-47EDA5C96F6F}"
EndProject
Project("{9A19103F-16F7-4668-BE54-9A1E7A4F7556}") = "GoTaskServicePlus.Services", "GoTaskServicePlus.Services\GoTaskServicePlus.Services.csproj", "{1D4E1D17-C382-4CFC-9421-3415BF37D3CD}"
EndProject
Project("{9A19103F-16F7-4668-BE54-9A1E7A4F7556}") = "ControllerExtraDriver", "ControllerExtraDriver\ControllerExtraDriver.csproj", "{AE62D753-5A27-4E7F-BCC7-82161B35B89E}"
EndProject
Project("{9A19103F-16F7-4668-BE54-9A1E7A4F7556}") = "GoTaskServicePlus.Entities", "GoTaskServicePlus.Entities\GoTaskServicePlus.Entities.csproj", "{462D391A-1DF4-4F5C-9484-324BC165138E}"
EndProject
Project("{9A19103F-16F7-4668-BE54-9A1E7A4F7556}") = "GoTaskServicePlus.IA", "GoTaskServicePlus.IA\GoTaskServicePlus.IA.csproj", "{6E55FEDD-5419-432E-AB03-29132E7D7025}"
EndProject
Project("{9A19103F-16F7-4668-BE54-9A1E7A4F7556}") = "SQL", "SQL\SQL.csproj", "{AD2CB1F3-F1B1-4A93-8570-6A25A3F0CB36}"
EndProject
Project("{FAE04EC0-301F-11D3-BF4B-00C04F79EFBC}") = "HubAction", "HubAction\HubAction.csproj", "{49A610DA-3100-456A-852E-7E2A3CEDFBEE}"
EndProject
Global
	GlobalSection(SolutionConfigurationPlatforms) = preSolution
		Debug|Any CPU = Debug|Any CPU
		Release|Any CPU = Release|Any CPU
	EndGlobalSection
	GlobalSection(ProjectConfigurationPlatforms) = postSolution
		{77A93C8B-E43A-4F34-97DA-A1E9BD29D5F9}.Debug|Any CPU.ActiveCfg = Debug|Any CPU
		{77A93C8B-E43A-4F34-97DA-A1E9BD29D5F9}.Debug|Any CPU.Build.0 = Debug|Any CPU
		{77A93C8B-E43A-4F34-97DA-A1E9BD29D5F9}.Release|Any CPU.ActiveCfg = Release|Any CPU
		{77A93C8B-E43A-4F34-97DA-A1E9BD29D5F9}.Release|Any CPU.Build.0 = Release|Any CPU
		{C007F985-FFD0-4A05-8F6B-A8934A04C82C}.Debug|Any CPU.ActiveCfg = Debug|Any CPU
		{C007F985-FFD0-4A05-8F6B-A8934A04C82C}.Debug|Any CPU.Build.0 = Debug|Any CPU
		{C007F985-FFD0-4A05-8F6B-A8934A04C82C}.Release|Any CPU.ActiveCfg = Release|Any CPU
		{C007F985-FFD0-4A05-8F6B-A8934A04C82C}.Release|Any CPU.Build.0 = Release|Any CPU
		{65E6313A-9F18-4174-8937-B923A50DD17A}.Debug|Any CPU.ActiveCfg = Debug|Any CPU
		{65E6313A-9F18-4174-8937-B923A50DD17A}.Debug|Any CPU.Build.0 = Debug|Any CPU
		{65E6313A-9F18-4174-8937-B923A50DD17A}.Release|Any CPU.ActiveCfg = Release|Any CPU
		{65E6313A-9F18-4174-8937-B923A50DD17A}.Release|Any CPU.Build.0 = Release|Any CPU
		{4BBC3EC8-61C1-4799-95F5-6668B02C5926}.Debug|Any CPU.ActiveCfg = Debug|Any CPU
		{4BBC3EC8-61C1-4799-95F5-6668B02C5926}.Debug|Any CPU.Build.0 = Debug|Any CPU
		{4BBC3EC8-61C1-4799-95F5-6668B02C5926}.Release|Any CPU.ActiveCfg = Release|Any CPU
		{4BBC3EC8-61C1-4799-95F5-6668B02C5926}.Release|Any CPU.Build.0 = Release|Any CPU
		{D34987B9-174D-48F0-8FAE-2C0672E1CF13}.Debug|Any CPU.ActiveCfg = Debug|Any CPU
		{D34987B9-174D-48F0-8FAE-2C0672E1CF13}.Debug|Any CPU.Build.0 = Debug|Any CPU
		{D34987B9-174D-48F0-8FAE-2C0672E1CF13}.Release|Any CPU.ActiveCfg = Release|Any CPU
		{D34987B9-174D-48F0-8FAE-2C0672E1CF13}.Release|Any CPU.Build.0 = Release|Any CPU
		{73030E8A-61F5-4D24-A2E1-47EDA5C96F6F}.Debug|Any CPU.ActiveCfg = Debug|Any CPU
		{73030E8A-61F5-4D24-A2E1-47EDA5C96F6F}.Debug|Any CPU.Build.0 = Debug|Any CPU
		{73030E8A-61F5-4D24-A2E1-47EDA5C96F6F}.Release|Any CPU.ActiveCfg = Release|Any CPU
		{73030E8A-61F5-4D24-A2E1-47EDA5C96F6F}.Release|Any CPU.Build.0 = Release|Any CPU
		{1D4E1D17-C382-4CFC-9421-3415BF37D3CD}.Debug|Any CPU.ActiveCfg = Debug|Any CPU
		{1D4E1D17-C382-4CFC-9421-3415BF37D3CD}.Debug|Any CPU.Build.0 = Debug|Any CPU
		{1D4E1D17-C382-4CFC-9421-3415BF37D3CD}.Release|Any CPU.ActiveCfg = Release|Any CPU
		{1D4E1D17-C382-4CFC-9421-3415BF37D3CD}.Release|Any CPU.Build.0 = Release|Any CPU
		{AE62D753-5A27-4E7F-BCC7-82161B35B89E}.Debug|Any CPU.ActiveCfg = Debug|Any CPU
		{AE62D753-5A27-4E7F-BCC7-82161B35B89E}.Debug|Any CPU.Build.0 = Debug|Any CPU
		{AE62D753-5A27-4E7F-BCC7-82161B35B89E}.Release|Any CPU.ActiveCfg = Release|Any CPU
		{AE62D753-5A27-4E7F-BCC7-82161B35B89E}.Release|Any CPU.Build.0 = Release|Any CPU
		{462D391A-1DF4-4F5C-9484-324BC165138E}.Debug|Any CPU.ActiveCfg = Debug|Any CPU
		{462D391A-1DF4-4F5C-9484-324BC165138E}.Debug|Any CPU.Build.0 = Debug|Any CPU
		{462D391A-1DF4-4F5C-9484-324BC165138E}.Release|Any CPU.ActiveCfg = Release|Any CPU
		{462D391A-1DF4-4F5C-9484-324BC165138E}.Release|Any CPU.Build.0 = Release|Any CPU
		{6E55FEDD-5419-432E-AB03-29132E7D7025}.Debug|Any CPU.ActiveCfg = Debug|Any CPU
		{6E55FEDD-5419-432E-AB03-29132E7D7025}.Debug|Any CPU.Build.0 = Debug|Any CPU
		{6E55FEDD-5419-432E-AB03-29132E7D7025}.Release|Any CPU.ActiveCfg = Release|Any CPU
		{6E55FEDD-5419-432E-AB03-29132E7D7025}.Release|Any CPU.Build.0 = Release|Any CPU
		{AD2CB1F3-F1B1-4A93-8570-6A25A3F0CB36}.Debug|Any CPU.ActiveCfg = Debug|Any CPU
		{AD2CB1F3-F1B1-4A93-8570-6A25A3F0CB36}.Debug|Any CPU.Build.0 = Debug|Any CPU
		{AD2CB1F3-F1B1-4A93-8570-6A25A3F0CB36}.Release|Any CPU.ActiveCfg = Release|Any CPU
		{AD2CB1F3-F1B1-4A93-8570-6A25A3F0CB36}.Release|Any CPU.Build.0 = Release|Any CPU
		{49A610DA-3100-456A-852E-7E2A3CEDFBEE}.Debug|Any CPU.ActiveCfg = Debug|Any CPU
		{49A610DA-3100-456A-852E-7E2A3CEDFBEE}.Debug|Any CPU.Build.0 = Debug|Any CPU
		{49A610DA-3100-456A-852E-7E2A3CEDFBEE}.Release|Any CPU.ActiveCfg = Release|Any CPU
		{49A610DA-3100-456A-852E-7E2A3CEDFBEE}.Release|Any CPU.Build.0 = Release|Any CPU
	EndGlobalSection
	GlobalSection(SolutionProperties) = preSolution
		HideSolutionNode = FALSE
	EndGlobalSection
	GlobalSection(ExtensibilityGlobals) = postSolution
		SolutionGuid = {01C772A9-D241-4C46-88E9-D239F9D86BCC}
	EndGlobalSection
EndGlobal
